
Microsoft Visual Studio Solution File, Format Version 12.00
# Visual Studio 14
VisualStudioVersion = 14.0.25420.1
MinimumVisualStudioVersion = 10.0.40219.1
Project("{FAE04EC0-301F-11D3-BF4B-00C04F79EFBC}") = "MDVision.IEHR", "MDVision.IEHR\MDVision.IEHR.csproj", "{03983350-149D-4551-A31A-446042398DBE}"
	ProjectSection(ProjectDependencies) = postProject
		{EC0B9643-4480-4A17-974E-788F8924CFB5} = {EC0B9643-4480-4A17-974E-788F8924CFB5}
		{4C43925D-C035-4657-974B-9D0BC50E884E} = {4C43925D-C035-4657-974B-9D0BC50E884E}
		{9D699C78-4B87-4900-8D11-6DAD374D170D} = {9D699C78-4B87-4900-8D11-6DAD374D170D}
	EndProjectSection
EndProject
Project("{FAE04EC0-301F-11D3-BF4B-00C04F79EFBC}") = "MDVision.Business", "MDVision.Business\MDVision.Business.csproj", "{9D699C78-4B87-4900-8D11-6DAD374D170D}"
	ProjectSection(ProjectDependencies) = postProject
		{483D8955-CAEB-4838-ACD5-67E90834461C} = {483D8955-CAEB-4838-ACD5-67E90834461C}
		{4C43925D-C035-4657-974B-9D0BC50E884E} = {4C43925D-C035-4657-974B-9D0BC50E884E}
		{DCA2D6D8-4A90-444F-A09A-C17DB5400E51} = {DCA2D6D8-4A90-444F-A09A-C17DB5400E51}
	EndProjectSection
EndProject
Project("{FAE04EC0-301F-11D3-BF4B-00C04F79EFBC}") = "MDVision.DataAccess", "MDVision.DataAccess\MDVision.DataAccess.csproj", "{DCA2D6D8-4A90-444F-A09A-C17DB5400E51}"
	ProjectSection(ProjectDependencies) = postProject
		{EC0B9643-4480-4A17-974E-788F8924CFB5} = {EC0B9643-4480-4A17-974E-788F8924CFB5}
		{4C43925D-C035-4657-974B-9D0BC50E884E} = {4C43925D-C035-4657-974B-9D0BC50E884E}
		{915677DB-0C5D-4DAD-9A1E-82A20712B4AF} = {915677DB-0C5D-4DAD-9A1E-82A20712B4AF}
	EndProjectSection
EndProject
Project("{FAE04EC0-301F-11D3-BF4B-00C04F79EFBC}") = "MDVision.Datasets", "MDVision.Dataset\MDVision.Datasets.csproj", "{915677DB-0C5D-4DAD-9A1E-82A20712B4AF}"
EndProject
Project("{FAE04EC0-301F-11D3-BF4B-00C04F79EFBC}") = "EDIParser", "MDVision.EDIParser\EDIParser.csproj", "{483D8955-CAEB-4838-ACD5-67E90834461C}"
EndProject
Project("{FAE04EC0-301F-11D3-BF4B-00C04F79EFBC}") = "MDVision.Model", "MDVision.Model\MDVision.Model.csproj", "{EC0B9643-4480-4A17-974E-788F8924CFB5}"
EndProject
Project("{FAE04EC0-301F-11D3-BF4B-00C04F79EFBC}") = "MDVision.Common", "MDVision.Common\MDVision.Common.csproj", "{4C43925D-C035-4657-974B-9D0BC50E884E}"
EndProject
Project("{FAE04EC0-301F-11D3-BF4B-00C04F79EFBC}") = "MDVision.WebAPI", "MDVision.WebAPI\MDVision.WebAPI.csproj", "{23DFCFD5-B158-4C0D-9C31-5E9CB64C64CF}"
	ProjectSection(ProjectDependencies) = postProject
		{EC0B9643-4480-4A17-974E-788F8924CFB5} = {EC0B9643-4480-4A17-974E-788F8924CFB5}
		{4C43925D-C035-4657-974B-9D0BC50E884E} = {4C43925D-C035-4657-974B-9D0BC50E884E}
		{9D699C78-4B87-4900-8D11-6DAD374D170D} = {9D699C78-4B87-4900-8D11-6DAD374D170D}
	EndProjectSection
EndProject
Global
	GlobalSection(SolutionConfigurationPlatforms) = preSolution
		Debug|Any CPU = Debug|Any CPU
		Debug|x86 = Debug|x86
		Release|Any CPU = Release|Any CPU
		Release|x86 = Release|x86
		web|Any CPU = web|Any CPU
		web|x86 = web|x86
	EndGlobalSection
	GlobalSection(ProjectConfigurationPlatforms) = postSolution
		{03983350-149D-4551-A31A-446042398DBE}.Debug|Any CPU.ActiveCfg = Debug|Any CPU
		{03983350-149D-4551-A31A-446042398DBE}.Debug|Any CPU.Build.0 = Debug|Any CPU
		{03983350-149D-4551-A31A-446042398DBE}.Debug|x86.ActiveCfg = Debug|Any CPU
		{03983350-149D-4551-A31A-446042398DBE}.Release|Any CPU.ActiveCfg = Release|Any CPU
		{03983350-149D-4551-A31A-446042398DBE}.Release|Any CPU.Build.0 = Release|Any CPU
		{03983350-149D-4551-A31A-446042398DBE}.Release|x86.ActiveCfg = Release|Any CPU
		{03983350-149D-4551-A31A-446042398DBE}.web|Any CPU.ActiveCfg = Debug|Any CPU
		{03983350-149D-4551-A31A-446042398DBE}.web|Any CPU.Build.0 = Debug|Any CPU
		{03983350-149D-4551-A31A-446042398DBE}.web|x86.ActiveCfg = web|Any CPU
		{03983350-149D-4551-A31A-446042398DBE}.web|x86.Build.0 = web|Any CPU
		{9D699C78-4B87-4900-8D11-6DAD374D170D}.Debug|Any CPU.ActiveCfg = Debug|Any CPU
		{9D699C78-4B87-4900-8D11-6DAD374D170D}.Debug|Any CPU.Build.0 = Debug|Any CPU
		{9D699C78-4B87-4900-8D11-6DAD374D170D}.Debug|x86.ActiveCfg = Debug|Any CPU
		{9D699C78-4B87-4900-8D11-6DAD374D170D}.Release|Any CPU.ActiveCfg = Release|Any CPU
		{9D699C78-4B87-4900-8D11-6DAD374D170D}.Release|Any CPU.Build.0 = Release|Any CPU
		{9D699C78-4B87-4900-8D11-6DAD374D170D}.Release|x86.ActiveCfg = Release|Any CPU
		{9D699C78-4B87-4900-8D11-6DAD374D170D}.web|Any CPU.ActiveCfg = Release|Any CPU
		{9D699C78-4B87-4900-8D11-6DAD374D170D}.web|x86.ActiveCfg = web|Any CPU
		{9D699C78-4B87-4900-8D11-6DAD374D170D}.web|x86.Build.0 = web|Any CPU
		{DCA2D6D8-4A90-444F-A09A-C17DB5400E51}.Debug|Any CPU.ActiveCfg = Debug|Any CPU
		{DCA2D6D8-4A90-444F-A09A-C17DB5400E51}.Debug|Any CPU.Build.0 = Debug|Any CPU
		{DCA2D6D8-4A90-444F-A09A-C17DB5400E51}.Debug|x86.ActiveCfg = Debug|Any CPU
		{DCA2D6D8-4A90-444F-A09A-C17DB5400E51}.Release|Any CPU.ActiveCfg = Release|Any CPU
		{DCA2D6D8-4A90-444F-A09A-C17DB5400E51}.Release|Any CPU.Build.0 = Release|Any CPU
		{DCA2D6D8-4A90-444F-A09A-C17DB5400E51}.Release|x86.ActiveCfg = Release|Any CPU
		{DCA2D6D8-4A90-444F-A09A-C17DB5400E51}.web|Any CPU.ActiveCfg = Release|Any CPU
		{DCA2D6D8-4A90-444F-A09A-C17DB5400E51}.web|Any CPU.Build.0 = Release|Any CPU
		{DCA2D6D8-4A90-444F-A09A-C17DB5400E51}.web|x86.ActiveCfg = web|Any CPU
		{DCA2D6D8-4A90-444F-A09A-C17DB5400E51}.web|x86.Build.0 = web|Any CPU
		{915677DB-0C5D-4DAD-9A1E-82A20712B4AF}.Debug|Any CPU.ActiveCfg = Debug|Any CPU
		{915677DB-0C5D-4DAD-9A1E-82A20712B4AF}.Debug|Any CPU.Build.0 = Debug|Any CPU
		{915677DB-0C5D-4DAD-9A1E-82A20712B4AF}.Debug|x86.ActiveCfg = Debug|Any CPU
		{915677DB-0C5D-4DAD-9A1E-82A20712B4AF}.Release|Any CPU.ActiveCfg = Release|Any CPU
		{915677DB-0C5D-4DAD-9A1E-82A20712B4AF}.Release|Any CPU.Build.0 = Release|Any CPU
		{915677DB-0C5D-4DAD-9A1E-82A20712B4AF}.Release|x86.ActiveCfg = Release|Any CPU
		{915677DB-0C5D-4DAD-9A1E-82A20712B4AF}.web|Any CPU.ActiveCfg = Release|Any CPU
		{915677DB-0C5D-4DAD-9A1E-82A20712B4AF}.web|x86.ActiveCfg = web|Any CPU
		{915677DB-0C5D-4DAD-9A1E-82A20712B4AF}.web|x86.Build.0 = web|Any CPU
		{483D8955-CAEB-4838-ACD5-67E90834461C}.Debug|Any CPU.ActiveCfg = Debug|Any CPU
		{483D8955-CAEB-4838-ACD5-67E90834461C}.Debug|Any CPU.Build.0 = Debug|Any CPU
		{483D8955-CAEB-4838-ACD5-67E90834461C}.Debug|x86.ActiveCfg = Debug|x86
		{483D8955-CAEB-4838-ACD5-67E90834461C}.Debug|x86.Build.0 = Debug|x86
		{483D8955-CAEB-4838-ACD5-67E90834461C}.Release|Any CPU.ActiveCfg = Release|Any CPU
		{483D8955-CAEB-4838-ACD5-67E90834461C}.Release|Any CPU.Build.0 = Release|Any CPU
		{483D8955-CAEB-4838-ACD5-67E90834461C}.Release|x86.ActiveCfg = Release|x86
		{483D8955-CAEB-4838-ACD5-67E90834461C}.Release|x86.Build.0 = Release|x86
		{483D8955-CAEB-4838-ACD5-67E90834461C}.web|Any CPU.ActiveCfg = Release|Any CPU
		{483D8955-CAEB-4838-ACD5-67E90834461C}.web|x86.ActiveCfg = web|x86
		{EC0B9643-4480-4A17-974E-788F8924CFB5}.Debug|Any CPU.ActiveCfg = Debug|Any CPU
		{EC0B9643-4480-4A17-974E-788F8924CFB5}.Debug|Any CPU.Build.0 = Debug|Any CPU
		{EC0B9643-4480-4A17-974E-788F8924CFB5}.Debug|x86.ActiveCfg = Debug|Any CPU
		{EC0B9643-4480-4A17-974E-788F8924CFB5}.Release|Any CPU.ActiveCfg = Release|Any CPU
		{EC0B9643-4480-4A17-974E-788F8924CFB5}.Release|Any CPU.Build.0 = Release|Any CPU
		{EC0B9643-4480-4A17-974E-788F8924CFB5}.Release|x86.ActiveCfg = Release|Any CPU
		{EC0B9643-4480-4A17-974E-788F8924CFB5}.web|Any CPU.ActiveCfg = Release|Any CPU
		{EC0B9643-4480-4A17-974E-788F8924CFB5}.web|x86.ActiveCfg = web|Any CPU
		{EC0B9643-4480-4A17-974E-788F8924CFB5}.web|x86.Build.0 = web|Any CPU
		{4C43925D-C035-4657-974B-9D0BC50E884E}.Debug|Any CPU.ActiveCfg = Debug|Any CPU
		{4C43925D-C035-4657-974B-9D0BC50E884E}.Debug|Any CPU.Build.0 = Debug|Any CPU
		{4C43925D-C035-4657-974B-9D0BC50E884E}.Debug|x86.ActiveCfg = Debug|Any CPU
		{4C43925D-C035-4657-974B-9D0BC50E884E}.Release|Any CPU.ActiveCfg = Release|Any CPU
		{4C43925D-C035-4657-974B-9D0BC50E884E}.Release|Any CPU.Build.0 = Release|Any CPU
		{4C43925D-C035-4657-974B-9D0BC50E884E}.Release|x86.ActiveCfg = Release|Any CPU
		{4C43925D-C035-4657-974B-9D0BC50E884E}.web|Any CPU.ActiveCfg = Release|Any CPU
		{4C43925D-C035-4657-974B-9D0BC50E884E}.web|x86.ActiveCfg = web|Any CPU
		{4C43925D-C035-4657-974B-9D0BC50E884E}.web|x86.Build.0 = web|Any CPU
		{23DFCFD5-B158-4C0D-9C31-5E9CB64C64CF}.Debug|Any CPU.ActiveCfg = Debug|Any CPU
		{23DFCFD5-B158-4C0D-9C31-5E9CB64C64CF}.Debug|Any CPU.Build.0 = Debug|Any CPU
		{23DFCFD5-B158-4C0D-9C31-5E9CB64C64CF}.Debug|x86.ActiveCfg = Debug|Any CPU
		{23DFCFD5-B158-4C0D-9C31-5E9CB64C64CF}.Debug|x86.Build.0 = Debug|Any CPU
		{23DFCFD5-B158-4C0D-9C31-5E9CB64C64CF}.Release|Any CPU.ActiveCfg = Release|Any CPU
		{23DFCFD5-B158-4C0D-9C31-5E9CB64C64CF}.Release|Any CPU.Build.0 = Release|Any CPU
		{23DFCFD5-B158-4C0D-9C31-5E9CB64C64CF}.Release|x86.ActiveCfg = Release|Any CPU
		{23DFCFD5-B158-4C0D-9C31-5E9CB64C64CF}.Release|x86.Build.0 = Release|Any CPU
		{23DFCFD5-B158-4C0D-9C31-5E9CB64C64CF}.web|Any CPU.ActiveCfg = Release|Any CPU
		{23DFCFD5-B158-4C0D-9C31-5E9CB64C64CF}.web|x86.ActiveCfg = web|Any CPU
		{23DFCFD5-B158-4C0D-9C31-5E9CB64C64CF}.web|x86.Build.0 = web|Any CPU
	EndGlobalSection
	GlobalSection(SolutionProperties) = preSolution
		HideSolutionNode = FALSE
	EndGlobalSection
	GlobalSection(TeamFoundationVersionControl) = preSolution
		SccNumberOfProjects = 9
		SccEnterpriseProvider = {4CA58AB2-18FA-4F8D-95D4-32DDF27D184C}
		SccTeamFoundationServer = http://192.168.0.49:8080/tfs/mdvision-ehr
		SccLocalPath0 = .
		SccProjectUniqueName1 = MDVision.IEHR\\MDVision.IEHR.csproj
		SccProjectName1 = MDVision.IEHR
		SccLocalPath1 = MDVision.IEHR
		SccProjectUniqueName2 = MDVision.Business\\MDVision.Business.csproj
		SccProjectName2 = MDVision.Business
		SccLocalPath2 = MDVision.Business
		SccProjectUniqueName3 = MDVision.DataAccess\\MDVision.DataAccess.csproj
		SccProjectName3 = MDVision.DataAccess
		SccLocalPath3 = MDVision.DataAccess
		SccProjectUniqueName4 = MDVision.Dataset\\MDVision.Datasets.csproj
		SccProjectName4 = MDVision.Dataset
		SccLocalPath4 = MDVision.Dataset
		SccProjectUniqueName5 = MDVision.EDIParser\\EDIParser.csproj
		SccProjectName5 = MDVision.EDIParser
		SccLocalPath5 = MDVision.EDIParser
		SccProjectUniqueName6 = MDVision.Model\\MDVision.Model.csproj
		SccProjectName6 = MDVision.Model
		SccLocalPath6 = MDVision.Model
		SccProjectUniqueName7 = MDVision.Common\\MDVision.Common.csproj
		SccProjectName7 = MDVision.Common
		SccLocalPath7 = MDVision.Common
		SccProjectUniqueName8 = MDVision.WebAPI\\MDVision.WebAPI.csproj
		SccProjectName8 = MDVision.WebAPI
		SccLocalPath8 = MDVision.WebAPI
	EndGlobalSection
EndGlobal
