
Microsoft Visual Studio Solution File, Format Version 12.00
# Visual Studio 2013
VisualStudioVersion = 12.0.30723.0
MinimumVisualStudioVersion = 10.0.40219.1
Project("{2150E333-8FDC-42A3-9474-1A3956D46DE8}") = "Solution Items", "Solution Items", "{CF45EED1-5E13-4EB9-9DC8-CDC7E0D7DD84}"
	ProjectSection(SolutionItems) = preProject
		Local.testsettings = Local.testsettings
		WebEMR\SequelxmSchema.xsd = WebEMR\SequelxmSchema.xsd
		TraceAndTestImpact.testsettings = TraceAndTestImpact.testsettings
		WebEMR.vsmdi = WebEMR.vsmdi
	EndProjectSection
EndProject
Project("{FAE04EC0-301F-11D3-BF4B-00C04F79EFBC}") = "WebEMR", "WebEMR\WebEMR.csproj", "{1D5B4A76-749D-4C04-BA67-7C3A7539F8E3}"
EndProject
Project("{F184B08F-C81C-45F6-A57F-5ABD9991F28F}") = "WebEMR.CustomProviders", "WebEMR.CustomProviders\WebEMR.CustomProviders.vbproj", "{0898F10A-E762-4DC9-9034-A7BC277E91D9}"
EndProject
Project("{F184B08F-C81C-45F6-A57F-5ABD9991F28F}") = "WebEMR.CustomViewStateProviders", "WebEMR.CustomViewStateProviders\WebEMR.CustomViewStateProviders.vbproj", "{3D516729-A121-4538-8CED-A2D9E2C3FDBD}"
EndProject
Project("{FAE04EC0-301F-11D3-BF4B-00C04F79EFBC}") = "WebEMR.WCFServices", "WebEMR.WCFServices\WebEMR.WCFServices.csproj", "{03276B6C-00E8-4D5E-8B76-4358509B892A}"
EndProject
Project("{FAE04EC0-301F-11D3-BF4B-00C04F79EFBC}") = "WebEMREx", "WebEMREx\WebEMREx.csproj", "{AC36E7B8-E088-4EF7-BD35-D6F138393285}"
EndProject
Global
	GlobalSection(SolutionConfigurationPlatforms) = preSolution
		Debug|Any CPU = Debug|Any CPU
		Debug|x64 = Debug|x64
		Release|Any CPU = Release|Any CPU
		Release|x64 = Release|x64
	EndGlobalSection
	GlobalSection(ProjectConfigurationPlatforms) = postSolution
		{1D5B4A76-749D-4C04-BA67-7C3A7539F8E3}.Debug|Any CPU.ActiveCfg = Debug|Any CPU
		{1D5B4A76-749D-4C04-BA67-7C3A7539F8E3}.Debug|Any CPU.Build.0 = Debug|Any CPU
		{1D5B4A76-749D-4C04-BA67-7C3A7539F8E3}.Debug|x64.ActiveCfg = Debug|x64
		{1D5B4A76-749D-4C04-BA67-7C3A7539F8E3}.Debug|x64.Build.0 = Debug|x64
		{1D5B4A76-749D-4C04-BA67-7C3A7539F8E3}.Release|Any CPU.ActiveCfg = Release|Any CPU
		{1D5B4A76-749D-4C04-BA67-7C3A7539F8E3}.Release|Any CPU.Build.0 = Release|Any CPU
		{1D5B4A76-749D-4C04-BA67-7C3A7539F8E3}.Release|x64.ActiveCfg = Release|x64
		{1D5B4A76-749D-4C04-BA67-7C3A7539F8E3}.Release|x64.Build.0 = Release|x64
		{0898F10A-E762-4DC9-9034-A7BC277E91D9}.Debug|Any CPU.ActiveCfg = Debug|Any CPU
		{0898F10A-E762-4DC9-9034-A7BC277E91D9}.Debug|Any CPU.Build.0 = Debug|Any CPU
		{0898F10A-E762-4DC9-9034-A7BC277E91D9}.Debug|x64.ActiveCfg = Debug|x64
		{0898F10A-E762-4DC9-9034-A7BC277E91D9}.Debug|x64.Build.0 = Debug|x64
		{0898F10A-E762-4DC9-9034-A7BC277E91D9}.Release|Any CPU.ActiveCfg = Release|Any CPU
		{0898F10A-E762-4DC9-9034-A7BC277E91D9}.Release|Any CPU.Build.0 = Release|Any CPU
		{0898F10A-E762-4DC9-9034-A7BC277E91D9}.Release|x64.ActiveCfg = Release|x64
		{0898F10A-E762-4DC9-9034-A7BC277E91D9}.Release|x64.Build.0 = Release|x64
		{3D516729-A121-4538-8CED-A2D9E2C3FDBD}.Debug|Any CPU.ActiveCfg = Debug|Any CPU
		{3D516729-A121-4538-8CED-A2D9E2C3FDBD}.Debug|Any CPU.Build.0 = Debug|Any CPU
		{3D516729-A121-4538-8CED-A2D9E2C3FDBD}.Debug|x64.ActiveCfg = Debug|x64
		{3D516729-A121-4538-8CED-A2D9E2C3FDBD}.Debug|x64.Build.0 = Debug|x64
		{3D516729-A121-4538-8CED-A2D9E2C3FDBD}.Release|Any CPU.ActiveCfg = Release|Any CPU
		{3D516729-A121-4538-8CED-A2D9E2C3FDBD}.Release|Any CPU.Build.0 = Release|Any CPU
		{3D516729-A121-4538-8CED-A2D9E2C3FDBD}.Release|x64.ActiveCfg = Release|x64
		{3D516729-A121-4538-8CED-A2D9E2C3FDBD}.Release|x64.Build.0 = Release|x64
		{03276B6C-00E8-4D5E-8B76-4358509B892A}.Debug|Any CPU.ActiveCfg = Debug|Any CPU
		{03276B6C-00E8-4D5E-8B76-4358509B892A}.Debug|Any CPU.Build.0 = Debug|Any CPU
		{03276B6C-00E8-4D5E-8B76-4358509B892A}.Debug|x64.ActiveCfg = Debug|x64
		{03276B6C-00E8-4D5E-8B76-4358509B892A}.Debug|x64.Build.0 = Debug|x64
		{03276B6C-00E8-4D5E-8B76-4358509B892A}.Release|Any CPU.ActiveCfg = Release|Any CPU
		{03276B6C-00E8-4D5E-8B76-4358509B892A}.Release|Any CPU.Build.0 = Release|Any CPU
		{03276B6C-00E8-4D5E-8B76-4358509B892A}.Release|x64.ActiveCfg = Release|x64
		{03276B6C-00E8-4D5E-8B76-4358509B892A}.Release|x64.Build.0 = Release|x64
		{AC36E7B8-E088-4EF7-BD35-D6F138393285}.Debug|Any CPU.ActiveCfg = Debug|Any CPU
		{AC36E7B8-E088-4EF7-BD35-D6F138393285}.Debug|Any CPU.Build.0 = Debug|Any CPU
		{AC36E7B8-E088-4EF7-BD35-D6F138393285}.Debug|x64.ActiveCfg = Debug|x64
		{AC36E7B8-E088-4EF7-BD35-D6F138393285}.Debug|x64.Build.0 = Debug|x64
		{AC36E7B8-E088-4EF7-BD35-D6F138393285}.Release|Any CPU.ActiveCfg = Release|Any CPU
		{AC36E7B8-E088-4EF7-BD35-D6F138393285}.Release|Any CPU.Build.0 = Release|Any CPU
		{AC36E7B8-E088-4EF7-BD35-D6F138393285}.Release|x64.ActiveCfg = Release|x64
		{AC36E7B8-E088-4EF7-BD35-D6F138393285}.Release|x64.Build.0 = Release|x64
	EndGlobalSection
	GlobalSection(SolutionProperties) = preSolution
		HideSolutionNode = FALSE
	EndGlobalSection
	GlobalSection(TestCaseManagementSettings) = postSolution
		CategoryFile = WebEMR.vsmdi
	EndGlobalSection
EndGlobal
