
Microsoft Visual Studio Solution File, Format Version 12.00
# Visual Studio 2013
VisualStudioVersion = 12.0.30723.0
MinimumVisualStudioVersion = 10.0.40219.1
Project("{FAE04EC0-301F-11D3-BF4B-00C04F79EFBC}") = "MDVision.IEHR", "MDVision.IEHR\MDVision.IEHR.csproj", "{03983350-149D-4551-A31A-446042398DBE}"
EndProject
Global
	GlobalSection(SourceCodeControl) = preSolution
		SccNumberOfProjects = 2
		SccLocalPath0 = .
		SccProjectUniqueName1 = MDVision.IEHR\\MDVision.IEHR.csproj
		SccProjectName1 = \u0022$/MD\u0020Vision\u0020IEHR/MDVisionEHR/MDVision.IEHR\u0022,\u0020DFAAAAAA
		SccLocalPath1 = MDVision.IEHR
	EndGlobalSection
	GlobalSection(SolutionConfigurationPlatforms) = preSolution
		Debug|Any CPU = Debug|Any CPU
		Release|Any CPU = Release|Any CPU
	EndGlobalSection
	GlobalSection(ProjectConfigurationPlatforms) = postSolution
		{03983350-149D-4551-A31A-446042398DBE}.Debug|Any CPU.ActiveCfg = Debug|Any CPU
		{03983350-149D-4551-A31A-446042398DBE}.Debug|Any CPU.Build.0 = Debug|Any CPU
		{03983350-149D-4551-A31A-446042398DBE}.Release|Any CPU.ActiveCfg = Release|Any CPU
		{03983350-149D-4551-A31A-446042398DBE}.Release|Any CPU.Build.0 = Release|Any CPU
	EndGlobalSection
	GlobalSection(SolutionProperties) = preSolution
		HideSolutionNode = FALSE
	EndGlobalSection
EndGlobal
